
Microsoft Visual Studio Solution File, Format Version 12.00
# Visual Studio Version 17
VisualStudioVersion = 17.0.31903.59
MinimumVisualStudioVersion = 10.0.40219.1
Project("{FAE04EC0-301F-11D3-BF4B-00C04F79EFBC}") = "MiniGames.Core", "MiniGames.Core\MiniGames.Core.csproj", "{C0438BD0-9A25-4566-A7DF-104EF78894D2}"
EndProject
Project("{FAE04EC0-301F-11D3-BF4B-00C04F79EFBC}") = "GameCenter.Game", "GameCenter.Game\GameCenter.Game.csproj", "{D732989C-7635-4EB4-945E-E6B2F53976F4}"
EndProject
Project("{FAE04EC0-301F-11D3-BF4B-00C04F79EFBC}") = "MiniGames.Puzzle.Core", "MiniGames.Puzzle.Core\MiniGames.Puzzle.Core.csproj", "{1A40BC96-B23F-4173-B096-2D4423E76F42}"
EndProject
Project("{FAE04EC0-301F-11D3-BF4B-00C04F79EFBC}") = "MiniGames.Puzzle.Sokoban", "MiniGames.Puzzle.Sokoban\MiniGames.Puzzle.Sokoban.csproj", "{095A62C7-F9A1-4EAF-895F-3CCD3C9ED0C0}"
EndProject
Project("{FAE04EC0-301F-11D3-BF4B-00C04F79EFBC}") = "MiniGames.Puzzle.Sudoku", "MiniGames.Puzzle.Sudoku\MiniGames.Puzzle.Sudoku.csproj", "{14557D2D-3EB2-4EB3-9A9C-E4062F87C1B6}"
EndProject
Project("{FAE04EC0-301F-11D3-BF4B-00C04F79EFBC}") = "MiniGames.Puzzle.Nonogram", "MiniGames.Puzzle.Nonogram\MiniGames.Puzzle.Nonogram.csproj", "{370C9553-DBF5-4FEF-A4D4-44FC73768C61}"
EndProject
Project("{FAE04EC0-301F-11D3-BF4B-00C04F79EFBC}") = "MiniGames.Puzzle.SlitherLink", "MiniGames.Puzzle.SlitherLink\MiniGames.Puzzle.SlitherLink.csproj", "{B40314F0-63D9-4CA2-B2F5-13137E20BC6F}"
EndProject
Project("{FAE04EC0-301F-11D3-BF4B-00C04F79EFBC}") = "MiniGames.Board.Othello", "MiniGames.Board.Othello\MiniGames.Board.Othello.csproj", "{8DE4BA3F-02E6-415B-A91B-7F26A98C80F9}"
EndProject
Project("{FAE04EC0-301F-11D3-BF4B-00C04F79EFBC}") = "MiniGames.Math.TwentyFour", "MiniGames.Math.TwentyFour\MiniGames.Math.TwentyFour.csproj", "{7DBD798A-3BD0-4B87-9199-F805C4AF7216}"
EndProject
Project("{FAE04EC0-301F-11D3-BF4B-00C04F79EFBC}") = "MiniGames.Console", "MiniGames.Console\MiniGames.Console.csproj", "{9232019B-9DDA-4348-A2ED-D53CF84C4BCC}"
EndProject
Global
	GlobalSection(SolutionConfigurationPlatforms) = preSolution
		Debug|Any CPU = Debug|Any CPU
		Debug|x64 = Debug|x64
		Debug|x86 = Debug|x86
		Release|Any CPU = Release|Any CPU
		Release|x64 = Release|x64
		Release|x86 = Release|x86
	EndGlobalSection
	GlobalSection(ProjectConfigurationPlatforms) = postSolution
		{C0438BD0-9A25-4566-A7DF-104EF78894D2}.Debug|Any CPU.ActiveCfg = Debug|Any CPU
		{C0438BD0-9A25-4566-A7DF-104EF78894D2}.Debug|Any CPU.Build.0 = Debug|Any CPU
		{C0438BD0-9A25-4566-A7DF-104EF78894D2}.Debug|x64.ActiveCfg = Debug|Any CPU
		{C0438BD0-9A25-4566-A7DF-104EF78894D2}.Debug|x64.Build.0 = Debug|Any CPU
		{C0438BD0-9A25-4566-A7DF-104EF78894D2}.Debug|x86.ActiveCfg = Debug|Any CPU
		{C0438BD0-9A25-4566-A7DF-104EF78894D2}.Debug|x86.Build.0 = Debug|Any CPU
		{C0438BD0-9A25-4566-A7DF-104EF78894D2}.Release|Any CPU.ActiveCfg = Release|Any CPU
		{C0438BD0-9A25-4566-A7DF-104EF78894D2}.Release|Any CPU.Build.0 = Release|Any CPU
		{C0438BD0-9A25-4566-A7DF-104EF78894D2}.Release|x64.ActiveCfg = Release|Any CPU
		{C0438BD0-9A25-4566-A7DF-104EF78894D2}.Release|x64.Build.0 = Release|Any CPU
		{C0438BD0-9A25-4566-A7DF-104EF78894D2}.Release|x86.ActiveCfg = Release|Any CPU
		{C0438BD0-9A25-4566-A7DF-104EF78894D2}.Release|x86.Build.0 = Release|Any CPU
		{D732989C-7635-4EB4-945E-E6B2F53976F4}.Debug|Any CPU.ActiveCfg = Debug|Any CPU
		{D732989C-7635-4EB4-945E-E6B2F53976F4}.Debug|Any CPU.Build.0 = Debug|Any CPU
		{D732989C-7635-4EB4-945E-E6B2F53976F4}.Debug|x64.ActiveCfg = Debug|Any CPU
		{D732989C-7635-4EB4-945E-E6B2F53976F4}.Debug|x64.Build.0 = Debug|Any CPU
		{D732989C-7635-4EB4-945E-E6B2F53976F4}.Debug|x86.ActiveCfg = Debug|Any CPU
		{D732989C-7635-4EB4-945E-E6B2F53976F4}.Debug|x86.Build.0 = Debug|Any CPU
		{D732989C-7635-4EB4-945E-E6B2F53976F4}.Release|Any CPU.ActiveCfg = Release|Any CPU
		{D732989C-7635-4EB4-945E-E6B2F53976F4}.Release|Any CPU.Build.0 = Release|Any CPU
		{D732989C-7635-4EB4-945E-E6B2F53976F4}.Release|x64.ActiveCfg = Release|Any CPU
		{D732989C-7635-4EB4-945E-E6B2F53976F4}.Release|x64.Build.0 = Release|Any CPU
		{D732989C-7635-4EB4-945E-E6B2F53976F4}.Release|x86.ActiveCfg = Release|Any CPU
		{D732989C-7635-4EB4-945E-E6B2F53976F4}.Release|x86.Build.0 = Release|Any CPU
		{1A40BC96-B23F-4173-B096-2D4423E76F42}.Debug|Any CPU.ActiveCfg = Debug|Any CPU
		{1A40BC96-B23F-4173-B096-2D4423E76F42}.Debug|Any CPU.Build.0 = Debug|Any CPU
		{1A40BC96-B23F-4173-B096-2D4423E76F42}.Debug|x64.ActiveCfg = Debug|Any CPU
		{1A40BC96-B23F-4173-B096-2D4423E76F42}.Debug|x64.Build.0 = Debug|Any CPU
		{1A40BC96-B23F-4173-B096-2D4423E76F42}.Debug|x86.ActiveCfg = Debug|Any CPU
		{1A40BC96-B23F-4173-B096-2D4423E76F42}.Debug|x86.Build.0 = Debug|Any CPU
		{1A40BC96-B23F-4173-B096-2D4423E76F42}.Release|Any CPU.ActiveCfg = Release|Any CPU
		{1A40BC96-B23F-4173-B096-2D4423E76F42}.Release|Any CPU.Build.0 = Release|Any CPU
		{1A40BC96-B23F-4173-B096-2D4423E76F42}.Release|x64.ActiveCfg = Release|Any CPU
		{1A40BC96-B23F-4173-B096-2D4423E76F42}.Release|x64.Build.0 = Release|Any CPU
		{1A40BC96-B23F-4173-B096-2D4423E76F42}.Release|x86.ActiveCfg = Release|Any CPU
		{1A40BC96-B23F-4173-B096-2D4423E76F42}.Release|x86.Build.0 = Release|Any CPU
		{095A62C7-F9A1-4EAF-895F-3CCD3C9ED0C0}.Debug|Any CPU.ActiveCfg = Debug|Any CPU
		{095A62C7-F9A1-4EAF-895F-3CCD3C9ED0C0}.Debug|Any CPU.Build.0 = Debug|Any CPU
		{095A62C7-F9A1-4EAF-895F-3CCD3C9ED0C0}.Debug|x64.ActiveCfg = Debug|Any CPU
		{095A62C7-F9A1-4EAF-895F-3CCD3C9ED0C0}.Debug|x64.Build.0 = Debug|Any CPU
		{095A62C7-F9A1-4EAF-895F-3CCD3C9ED0C0}.Debug|x86.ActiveCfg = Debug|Any CPU
		{095A62C7-F9A1-4EAF-895F-3CCD3C9ED0C0}.Debug|x86.Build.0 = Debug|Any CPU
		{095A62C7-F9A1-4EAF-895F-3CCD3C9ED0C0}.Release|Any CPU.ActiveCfg = Release|Any CPU
		{095A62C7-F9A1-4EAF-895F-3CCD3C9ED0C0}.Release|Any CPU.Build.0 = Release|Any CPU
		{095A62C7-F9A1-4EAF-895F-3CCD3C9ED0C0}.Release|x64.ActiveCfg = Release|Any CPU
		{095A62C7-F9A1-4EAF-895F-3CCD3C9ED0C0}.Release|x64.Build.0 = Release|Any CPU
		{095A62C7-F9A1-4EAF-895F-3CCD3C9ED0C0}.Release|x86.ActiveCfg = Release|Any CPU
		{095A62C7-F9A1-4EAF-895F-3CCD3C9ED0C0}.Release|x86.Build.0 = Release|Any CPU
		{14557D2D-3EB2-4EB3-9A9C-E4062F87C1B6}.Debug|Any CPU.ActiveCfg = Debug|Any CPU
		{14557D2D-3EB2-4EB3-9A9C-E4062F87C1B6}.Debug|Any CPU.Build.0 = Debug|Any CPU
		{14557D2D-3EB2-4EB3-9A9C-E4062F87C1B6}.Debug|x64.ActiveCfg = Debug|Any CPU
		{14557D2D-3EB2-4EB3-9A9C-E4062F87C1B6}.Debug|x64.Build.0 = Debug|Any CPU
		{14557D2D-3EB2-4EB3-9A9C-E4062F87C1B6}.Debug|x86.ActiveCfg = Debug|Any CPU
		{14557D2D-3EB2-4EB3-9A9C-E4062F87C1B6}.Debug|x86.Build.0 = Debug|Any CPU
		{14557D2D-3EB2-4EB3-9A9C-E4062F87C1B6}.Release|Any CPU.ActiveCfg = Release|Any CPU
		{14557D2D-3EB2-4EB3-9A9C-E4062F87C1B6}.Release|Any CPU.Build.0 = Release|Any CPU
		{14557D2D-3EB2-4EB3-9A9C-E4062F87C1B6}.Release|x64.ActiveCfg = Release|Any CPU
		{14557D2D-3EB2-4EB3-9A9C-E4062F87C1B6}.Release|x64.Build.0 = Release|Any CPU
		{14557D2D-3EB2-4EB3-9A9C-E4062F87C1B6}.Release|x86.ActiveCfg = Release|Any CPU
		{14557D2D-3EB2-4EB3-9A9C-E4062F87C1B6}.Release|x86.Build.0 = Release|Any CPU
		{370C9553-DBF5-4FEF-A4D4-44FC73768C61}.Debug|Any CPU.ActiveCfg = Debug|Any CPU
		{370C9553-DBF5-4FEF-A4D4-44FC73768C61}.Debug|Any CPU.Build.0 = Debug|Any CPU
		{370C9553-DBF5-4FEF-A4D4-44FC73768C61}.Debug|x64.ActiveCfg = Debug|Any CPU
		{370C9553-DBF5-4FEF-A4D4-44FC73768C61}.Debug|x64.Build.0 = Debug|Any CPU
		{370C9553-DBF5-4FEF-A4D4-44FC73768C61}.Debug|x86.ActiveCfg = Debug|Any CPU
		{370C9553-DBF5-4FEF-A4D4-44FC73768C61}.Debug|x86.Build.0 = Debug|Any CPU
		{370C9553-DBF5-4FEF-A4D4-44FC73768C61}.Release|Any CPU.ActiveCfg = Release|Any CPU
		{370C9553-DBF5-4FEF-A4D4-44FC73768C61}.Release|Any CPU.Build.0 = Release|Any CPU
		{370C9553-DBF5-4FEF-A4D4-44FC73768C61}.Release|x64.ActiveCfg = Release|Any CPU
		{370C9553-DBF5-4FEF-A4D4-44FC73768C61}.Release|x64.Build.0 = Release|Any CPU
		{370C9553-DBF5-4FEF-A4D4-44FC73768C61}.Release|x86.ActiveCfg = Release|Any CPU
		{370C9553-DBF5-4FEF-A4D4-44FC73768C61}.Release|x86.Build.0 = Release|Any CPU
		{B40314F0-63D9-4CA2-B2F5-13137E20BC6F}.Debug|Any CPU.ActiveCfg = Debug|Any CPU
		{B40314F0-63D9-4CA2-B2F5-13137E20BC6F}.Debug|Any CPU.Build.0 = Debug|Any CPU
		{B40314F0-63D9-4CA2-B2F5-13137E20BC6F}.Debug|x64.ActiveCfg = Debug|Any CPU
		{B40314F0-63D9-4CA2-B2F5-13137E20BC6F}.Debug|x64.Build.0 = Debug|Any CPU
		{B40314F0-63D9-4CA2-B2F5-13137E20BC6F}.Debug|x86.ActiveCfg = Debug|Any CPU
		{B40314F0-63D9-4CA2-B2F5-13137E20BC6F}.Debug|x86.Build.0 = Debug|Any CPU
		{B40314F0-63D9-4CA2-B2F5-13137E20BC6F}.Release|Any CPU.ActiveCfg = Release|Any CPU
		{B40314F0-63D9-4CA2-B2F5-13137E20BC6F}.Release|Any CPU.Build.0 = Release|Any CPU
		{B40314F0-63D9-4CA2-B2F5-13137E20BC6F}.Release|x64.ActiveCfg = Release|Any CPU
		{B40314F0-63D9-4CA2-B2F5-13137E20BC6F}.Release|x64.Build.0 = Release|Any CPU
		{B40314F0-63D9-4CA2-B2F5-13137E20BC6F}.Release|x86.ActiveCfg = Release|Any CPU
		{B40314F0-63D9-4CA2-B2F5-13137E20BC6F}.Release|x86.Build.0 = Release|Any CPU
		{8DE4BA3F-02E6-415B-A91B-7F26A98C80F9}.Debug|Any CPU.ActiveCfg = Debug|Any CPU
		{8DE4BA3F-02E6-415B-A91B-7F26A98C80F9}.Debug|Any CPU.Build.0 = Debug|Any CPU
		{8DE4BA3F-02E6-415B-A91B-7F26A98C80F9}.Debug|x64.ActiveCfg = Debug|Any CPU
		{8DE4BA3F-02E6-415B-A91B-7F26A98C80F9}.Debug|x64.Build.0 = Debug|Any CPU
		{8DE4BA3F-02E6-415B-A91B-7F26A98C80F9}.Debug|x86.ActiveCfg = Debug|Any CPU
		{8DE4BA3F-02E6-415B-A91B-7F26A98C80F9}.Debug|x86.Build.0 = Debug|Any CPU
		{8DE4BA3F-02E6-415B-A91B-7F26A98C80F9}.Release|Any CPU.ActiveCfg = Release|Any CPU
		{8DE4BA3F-02E6-415B-A91B-7F26A98C80F9}.Release|Any CPU.Build.0 = Release|Any CPU
		{8DE4BA3F-02E6-415B-A91B-7F26A98C80F9}.Release|x64.ActiveCfg = Release|Any CPU
		{8DE4BA3F-02E6-415B-A91B-7F26A98C80F9}.Release|x64.Build.0 = Release|Any CPU
		{8DE4BA3F-02E6-415B-A91B-7F26A98C80F9}.Release|x86.ActiveCfg = Release|Any CPU
		{8DE4BA3F-02E6-415B-A91B-7F26A98C80F9}.Release|x86.Build.0 = Release|Any CPU
		{7DBD798A-3BD0-4B87-9199-F805C4AF7216}.Debug|Any CPU.ActiveCfg = Debug|Any CPU
		{7DBD798A-3BD0-4B87-9199-F805C4AF7216}.Debug|Any CPU.Build.0 = Debug|Any CPU
		{7DBD798A-3BD0-4B87-9199-F805C4AF7216}.Debug|x64.ActiveCfg = Debug|Any CPU
		{7DBD798A-3BD0-4B87-9199-F805C4AF7216}.Debug|x64.Build.0 = Debug|Any CPU
		{7DBD798A-3BD0-4B87-9199-F805C4AF7216}.Debug|x86.ActiveCfg = Debug|Any CPU
		{7DBD798A-3BD0-4B87-9199-F805C4AF7216}.Debug|x86.Build.0 = Debug|Any CPU
		{7DBD798A-3BD0-4B87-9199-F805C4AF7216}.Release|Any CPU.ActiveCfg = Release|Any CPU
		{7DBD798A-3BD0-4B87-9199-F805C4AF7216}.Release|Any CPU.Build.0 = Release|Any CPU
		{7DBD798A-3BD0-4B87-9199-F805C4AF7216}.Release|x64.ActiveCfg = Release|Any CPU
		{7DBD798A-3BD0-4B87-9199-F805C4AF7216}.Release|x64.Build.0 = Release|Any CPU
		{7DBD798A-3BD0-4B87-9199-F805C4AF7216}.Release|x86.ActiveCfg = Release|Any CPU
		{7DBD798A-3BD0-4B87-9199-F805C4AF7216}.Release|x86.Build.0 = Release|Any CPU
		{9232019B-9DDA-4348-A2ED-D53CF84C4BCC}.Debug|Any CPU.ActiveCfg = Debug|Any CPU
		{9232019B-9DDA-4348-A2ED-D53CF84C4BCC}.Debug|Any CPU.Build.0 = Debug|Any CPU
		{9232019B-9DDA-4348-A2ED-D53CF84C4BCC}.Debug|x64.ActiveCfg = Debug|Any CPU
		{9232019B-9DDA-4348-A2ED-D53CF84C4BCC}.Debug|x64.Build.0 = Debug|Any CPU
		{9232019B-9DDA-4348-A2ED-D53CF84C4BCC}.Debug|x86.ActiveCfg = Debug|Any CPU
		{9232019B-9DDA-4348-A2ED-D53CF84C4BCC}.Debug|x86.Build.0 = Debug|Any CPU
		{9232019B-9DDA-4348-A2ED-D53CF84C4BCC}.Release|Any CPU.ActiveCfg = Release|Any CPU
		{9232019B-9DDA-4348-A2ED-D53CF84C4BCC}.Release|Any CPU.Build.0 = Release|Any CPU
		{9232019B-9DDA-4348-A2ED-D53CF84C4BCC}.Release|x64.ActiveCfg = Release|Any CPU
		{9232019B-9DDA-4348-A2ED-D53CF84C4BCC}.Release|x64.Build.0 = Release|Any CPU
		{9232019B-9DDA-4348-A2ED-D53CF84C4BCC}.Release|x86.ActiveCfg = Release|Any CPU
		{9232019B-9DDA-4348-A2ED-D53CF84C4BCC}.Release|x86.Build.0 = Release|Any CPU
	EndGlobalSection
	GlobalSection(SolutionProperties) = preSolution
		HideSolutionNode = FALSE
	EndGlobalSection
EndGlobal
